// !$*UTF8*$!
{
	archiveVersion = 1;
	classes = {
	};
	objectVersion = 56;
	objects = {

/* Begin PBXBuildFile section */
		309CEA0E2BA1C60900C70B81 /* TestAppHHruApp.swift in Sources */ = {isa = PBXBuildFile; fileRef = 309CEA0D2BA1C60900C70B81 /* TestAppHHruApp.swift */; };
		309CEA102BA1C60900C70B81 /* TabViewBootamp.swift in Sources */ = {isa = PBXBuildFile; fileRef = 309CEA0F2BA1C60900C70B81 /* TabViewBootamp.swift */; };
		309CEA122BA1C60B00C70B81 /* Assets.xcassets in Resources */ = {isa = PBXBuildFile; fileRef = 309CEA112BA1C60B00C70B81 /* Assets.xcassets */; };
		309CEA152BA1C60B00C70B81 /* Preview Assets.xcassets in Resources */ = {isa = PBXBuildFile; fileRef = 309CEA142BA1C60B00C70B81 /* Preview Assets.xcassets */; };
		309CEA1D2BA1C69800C70B81 /* Alamofire in Frameworks */ = {isa = PBXBuildFile; productRef = 309CEA1C2BA1C69800C70B81 /* Alamofire */; };
		309CEA1F2BA1C69800C70B81 /* AlamofireDynamic in Frameworks */ = {isa = PBXBuildFile; productRef = 309CEA1E2BA1C69800C70B81 /* AlamofireDynamic */; };
		309CEA212BA1CAA700C70B81 /* LoginView.swift in Sources */ = {isa = PBXBuildFile; fileRef = 309CEA202BA1CAA700C70B81 /* LoginView.swift */; };
		309CEA232BA228C500C70B81 /* OTPTextField.swift in Sources */ = {isa = PBXBuildFile; fileRef = 309CEA222BA228C500C70B81 /* OTPTextField.swift */; };
		309CEA262BA2DF0F00C70B81 /* PinCodeView.swift in Sources */ = {isa = PBXBuildFile; fileRef = 309CEA252BA2DF0F00C70B81 /* PinCodeView.swift */; };
		309CEA282BA2E1A700C70B81 /* LoginViewModel.swift in Sources */ = {isa = PBXBuildFile; fileRef = 309CEA272BA2E1A700C70B81 /* LoginViewModel.swift */; };
		309CEA2B2BA2EC3700C70B81 /* FindView.swift in Sources */ = {isa = PBXBuildFile; fileRef = 309CEA2A2BA2EC3700C70B81 /* FindView.swift */; };
		309CEA2D2BA2F59700C70B81 /* JobCellView.swift in Sources */ = {isa = PBXBuildFile; fileRef = 309CEA2C2BA2F59700C70B81 /* JobCellView.swift */; };
		309CEA302BA2F91700C70B81 /* Model.swift in Sources */ = {isa = PBXBuildFile; fileRef = 309CEA2F2BA2F91700C70B81 /* Model.swift */; };
		309CEA322BA2FAD300C70B81 /* NetWorkmanager.swift in Sources */ = {isa = PBXBuildFile; fileRef = 309CEA312BA2FAD300C70B81 /* NetWorkmanager.swift */; };
		309CEA342BA2FC8C00C70B81 /* FindViewController.swift in Sources */ = {isa = PBXBuildFile; fileRef = 309CEA332BA2FC8C00C70B81 /* FindViewController.swift */; };
		309CEA362BA3137800C70B81 /* offerCellView.swift in Sources */ = {isa = PBXBuildFile; fileRef = 309CEA352BA3137800C70B81 /* offerCellView.swift */; };
/* End PBXBuildFile section */

/* Begin PBXFileReference section */
		309CEA0A2BA1C60900C70B81 /* TestAppHHru.app */ = {isa = PBXFileReference; explicitFileType = wrapper.application; includeInIndex = 0; path = TestAppHHru.app; sourceTree = BUILT_PRODUCTS_DIR; };
		309CEA0D2BA1C60900C70B81 /* TestAppHHruApp.swift */ = {isa = PBXFileReference; lastKnownFileType = sourcecode.swift; path = TestAppHHruApp.swift; sourceTree = "<group>"; };
		309CEA0F2BA1C60900C70B81 /* TabViewBootamp.swift */ = {isa = PBXFileReference; lastKnownFileType = sourcecode.swift; path = TabViewBootamp.swift; sourceTree = "<group>"; };
		309CEA112BA1C60B00C70B81 /* Assets.xcassets */ = {isa = PBXFileReference; lastKnownFileType = folder.assetcatalog; path = Assets.xcassets; sourceTree = "<group>"; };
		309CEA142BA1C60B00C70B81 /* Preview Assets.xcassets */ = {isa = PBXFileReference; lastKnownFileType = folder.assetcatalog; path = "Preview Assets.xcassets"; sourceTree = "<group>"; };
		309CEA202BA1CAA700C70B81 /* LoginView.swift */ = {isa = PBXFileReference; lastKnownFileType = sourcecode.swift; path = LoginView.swift; sourceTree = "<group>"; };
		309CEA222BA228C500C70B81 /* OTPTextField.swift */ = {isa = PBXFileReference; lastKnownFileType = sourcecode.swift; path = OTPTextField.swift; sourceTree = "<group>"; };
		309CEA252BA2DF0F00C70B81 /* PinCodeView.swift */ = {isa = PBXFileReference; lastKnownFileType = sourcecode.swift; path = PinCodeView.swift; sourceTree = "<group>"; };
		309CEA272BA2E1A700C70B81 /* LoginViewModel.swift */ = {isa = PBXFileReference; lastKnownFileType = sourcecode.swift; path = LoginViewModel.swift; sourceTree = "<group>"; };
		309CEA2A2BA2EC3700C70B81 /* FindView.swift */ = {isa = PBXFileReference; lastKnownFileType = sourcecode.swift; path = FindView.swift; sourceTree = "<group>"; };
		309CEA2C2BA2F59700C70B81 /* JobCellView.swift */ = {isa = PBXFileReference; lastKnownFileType = sourcecode.swift; path = JobCellView.swift; sourceTree = "<group>"; };
		309CEA2F2BA2F91700C70B81 /* Model.swift */ = {isa = PBXFileReference; lastKnownFileType = sourcecode.swift; path = Model.swift; sourceTree = "<group>"; };
		309CEA312BA2FAD300C70B81 /* NetWorkmanager.swift */ = {isa = PBXFileReference; lastKnownFileType = sourcecode.swift; path = NetWorkmanager.swift; sourceTree = "<group>"; };
		309CEA332BA2FC8C00C70B81 /* FindViewController.swift */ = {isa = PBXFileReference; lastKnownFileType = sourcecode.swift; path = FindViewController.swift; sourceTree = "<group>"; };
		309CEA352BA3137800C70B81 /* offerCellView.swift */ = {isa = PBXFileReference; lastKnownFileType = sourcecode.swift; path = offerCellView.swift; sourceTree = "<group>"; };
/* End PBXFileReference section */

/* Begin PBXFrameworksBuildPhase section */
		309CEA072BA1C60900C70B81 /* Frameworks */ = {
			isa = PBXFrameworksBuildPhase;
			buildActionMask = 2147483647;
			files = (
				309CEA1D2BA1C69800C70B81 /* Alamofire in Frameworks */,
				309CEA1F2BA1C69800C70B81 /* AlamofireDynamic in Frameworks */,
			);
			runOnlyForDeploymentPostprocessing = 0;
		};
/* End PBXFrameworksBuildPhase section */

/* Begin PBXGroup section */
		309CEA012BA1C60900C70B81 = {
			isa = PBXGroup;
			children = (
				309CEA0C2BA1C60900C70B81 /* TestAppHHru */,
				309CEA0B2BA1C60900C70B81 /* Products */,
			);
			sourceTree = "<group>";
		};
		309CEA0B2BA1C60900C70B81 /* Products */ = {
			isa = PBXGroup;
			children = (
				309CEA0A2BA1C60900C70B81 /* TestAppHHru.app */,
			);
			name = Products;
			sourceTree = "<group>";
		};
		309CEA0C2BA1C60900C70B81 /* TestAppHHru */ = {
			isa = PBXGroup;
			children = (
				309CEA2E2BA2F8AB00C70B81 /* Model */,
				309CEA292BA2EC1800C70B81 /* FindView */,
				309CEA242BA2DED900C70B81 /* LoginView */,
				309CEA0D2BA1C60900C70B81 /* TestAppHHruApp.swift */,
				309CEA0F2BA1C60900C70B81 /* TabViewBootamp.swift */,
				309CEA112BA1C60B00C70B81 /* Assets.xcassets */,
				309CEA132BA1C60B00C70B81 /* Preview Content */,
				309CEA312BA2FAD300C70B81 /* NetWorkmanager.swift */,
			);
			path = TestAppHHru;
			sourceTree = "<group>";
		};
		309CEA132BA1C60B00C70B81 /* Preview Content */ = {
			isa = PBXGroup;
			children = (
				309CEA142BA1C60B00C70B81 /* Preview Assets.xcassets */,
			);
			path = "Preview Content";
			sourceTree = "<group>";
		};
		309CEA242BA2DED900C70B81 /* LoginView */ = {
			isa = PBXGroup;
			children = (
				309CEA222BA228C500C70B81 /* OTPTextField.swift */,
				309CEA202BA1CAA700C70B81 /* LoginView.swift */,
				309CEA252BA2DF0F00C70B81 /* PinCodeView.swift */,
				309CEA272BA2E1A700C70B81 /* LoginViewModel.swift */,
			);
			path = LoginView;
			sourceTree = "<group>";
		};
		309CEA292BA2EC1800C70B81 /* FindView */ = {
			isa = PBXGroup;
			children = (
				309CEA2A2BA2EC3700C70B81 /* FindView.swift */,
				309CEA2C2BA2F59700C70B81 /* JobCellView.swift */,
				309CEA332BA2FC8C00C70B81 /* FindViewController.swift */,
				309CEA352BA3137800C70B81 /* offerCellView.swift */,
			);
			path = FindView;
			sourceTree = "<group>";
		};
		309CEA2E2BA2F8AB00C70B81 /* Model */ = {
			isa = PBXGroup;
			children = (
				309CEA2F2BA2F91700C70B81 /* Model.swift */,
			);
			path = Model;
			sourceTree = "<group>";
		};
/* End PBXGroup section */

/* Begin PBXNativeTarget section */
		309CEA092BA1C60900C70B81 /* TestAppHHru */ = {
			isa = PBXNativeTarget;
			buildConfigurationList = 309CEA182BA1C60B00C70B81 /* Build configuration list for PBXNativeTarget "TestAppHHru" */;
			buildPhases = (
				309CEA062BA1C60900C70B81 /* Sources */,
				309CEA072BA1C60900C70B81 /* Frameworks */,
				309CEA082BA1C60900C70B81 /* Resources */,
			);
			buildRules = (
			);
			dependencies = (
			);
			name = TestAppHHru;
			packageProductDependencies = (
				309CEA1C2BA1C69800C70B81 /* Alamofire */,
				309CEA1E2BA1C69800C70B81 /* AlamofireDynamic */,
			);
			productName = TestAppHHru;
			productReference = 309CEA0A2BA1C60900C70B81 /* TestAppHHru.app */;
			productType = "com.apple.product-type.application";
		};
/* End PBXNativeTarget section */

/* Begin PBXProject section */
		309CEA022BA1C60900C70B81 /* Project object */ = {
			isa = PBXProject;
			attributes = {
				BuildIndependentTargetsInParallel = 1;
				LastSwiftUpdateCheck = 1500;
				LastUpgradeCheck = 1500;
				TargetAttributes = {
					309CEA092BA1C60900C70B81 = {
						CreatedOnToolsVersion = 15.0.1;
					};
				};
			};
			buildConfigurationList = 309CEA052BA1C60900C70B81 /* Build configuration list for PBXProject "TestAppHHru" */;
			compatibilityVersion = "Xcode 14.0";
			developmentRegion = en;
			hasScannedForEncodings = 0;
			knownRegions = (
				en,
				Base,
			);
			mainGroup = 309CEA012BA1C60900C70B81;
			packageReferences = (
				309CEA1B2BA1C69800C70B81 /* XCRemoteSwiftPackageReference "Alamofire" */,
			);
			productRefGroup = 309CEA0B2BA1C60900C70B81 /* Products */;
			projectDirPath = "";
			projectRoot = "";
			targets = (
				309CEA092BA1C60900C70B81 /* TestAppHHru */,
			);
		};
/* End PBXProject section */

/* Begin PBXResourcesBuildPhase section */
		309CEA082BA1C60900C70B81 /* Resources */ = {
			isa = PBXResourcesBuildPhase;
			buildActionMask = 2147483647;
			files = (
				309CEA152BA1C60B00C70B81 /* Preview Assets.xcassets in Resources */,
				309CEA122BA1C60B00C70B81 /* Assets.xcassets in Resources */,
			);
			runOnlyForDeploymentPostprocessing = 0;
		};
/* End PBXResourcesBuildPhase section */

/* Begin PBXSourcesBuildPhase section */
		309CEA062BA1C60900C70B81 /* Sources */ = {
			isa = PBXSourcesBuildPhase;
			buildActionMask = 2147483647;
			files = (
				309CEA302BA2F91700C70B81 /* Model.swift in Sources */,
				309CEA212BA1CAA700C70B81 /* LoginView.swift in Sources */,
				309CEA232BA228C500C70B81 /* OTPTextField.swift in Sources */,
				309CEA362BA3137800C70B81 /* offerCellView.swift in Sources */,
				309CEA2D2BA2F59700C70B81 /* JobCellView.swift in Sources */,
				309CEA282BA2E1A700C70B81 /* LoginViewModel.swift in Sources */,
				309CEA2B2BA2EC3700C70B81 /* FindView.swift in Sources */,
				309CEA322BA2FAD300C70B81 /* NetWorkmanager.swift in Sources */,
				309CEA342BA2FC8C00C70B81 /* FindViewController.swift in Sources */,
				309CEA102BA1C60900C70B81 /* TabViewBootamp.swift in Sources */,
				309CEA262BA2DF0F00C70B81 /* PinCodeView.swift in Sources */,
				309CEA0E2BA1C60900C70B81 /* TestAppHHruApp.swift in Sources */,
			);
			runOnlyForDeploymentPostprocessing = 0;
		};
/* End PBXSourcesBuildPhase section */

/* Begin XCBuildConfiguration section */
		309CEA162BA1C60B00C70B81 /* Debug */ = {
			isa = XCBuildConfiguration;
			buildSettings = {
				ALWAYS_SEARCH_USER_PATHS = NO;
				ASSETCATALOG_COMPILER_GENERATE_SWIFT_ASSET_SYMBOL_EXTENSIONS = YES;
				CLANG_ANALYZER_NONNULL = YES;
				CLANG_ANALYZER_NUMBER_OBJECT_CONVERSION = YES_AGGRESSIVE;
				CLANG_CXX_LANGUAGE_STANDARD = "gnu++20";
				CLANG_ENABLE_MODULES = YES;
				CLANG_ENABLE_OBJC_ARC = YES;
				CLANG_ENABLE_OBJC_WEAK = YES;
				CLANG_WARN_BLOCK_CAPTURE_AUTORELEASING = YES;
				CLANG_WARN_BOOL_CONVERSION = YES;
				CLANG_WARN_COMMA = YES;
				CLANG_WARN_CONSTANT_CONVERSION = YES;
				CLANG_WARN_DEPRECATED_OBJC_IMPLEMENTATIONS = YES;
				CLANG_WARN_DIRECT_OBJC_ISA_USAGE = YES_ERROR;
				CLANG_WARN_DOCUMENTATION_COMMENTS = YES;
				CLANG_WARN_EMPTY_BODY = YES;
				CLANG_WARN_ENUM_CONVERSION = YES;
				CLANG_WARN_INFINITE_RECURSION = YES;
				CLANG_WARN_INT_CONVERSION = YES;
				CLANG_WARN_NON_LITERAL_NULL_CONVERSION = YES;
				CLANG_WARN_OBJC_IMPLICIT_RETAIN_SELF = YES;
				CLANG_WARN_OBJC_LITERAL_CONVERSION = YES;
				CLANG_WARN_OBJC_ROOT_CLASS = YES_ERROR;
				CLANG_WARN_QUOTED_INCLUDE_IN_FRAMEWORK_HEADER = YES;
				CLANG_WARN_RANGE_LOOP_ANALYSIS = YES;
				CLANG_WARN_STRICT_PROTOTYPES = YES;
				CLANG_WARN_SUSPICIOUS_MOVE = YES;
				CLANG_WARN_UNGUARDED_AVAILABILITY = YES_AGGRESSIVE;
				CLANG_WARN_UNREACHABLE_CODE = YES;
				CLANG_WARN__DUPLICATE_METHOD_MATCH = YES;
				COPY_PHASE_STRIP = NO;
				DEBUG_INFORMATION_FORMAT = dwarf;
				ENABLE_STRICT_OBJC_MSGSEND = YES;
				ENABLE_TESTABILITY = YES;
				ENABLE_USER_SCRIPT_SANDBOXING = YES;
				GCC_C_LANGUAGE_STANDARD = gnu17;
				GCC_DYNAMIC_NO_PIC = NO;
				GCC_NO_COMMON_BLOCKS = YES;
				GCC_OPTIMIZATION_LEVEL = 0;
				GCC_PREPROCESSOR_DEFINITIONS = (
					"DEBUG=1",
					"$(inherited)",
				);
				GCC_WARN_64_TO_32_BIT_CONVERSION = YES;
				GCC_WARN_ABOUT_RETURN_TYPE = YES_ERROR;
				GCC_WARN_UNDECLARED_SELECTOR = YES;
				GCC_WARN_UNINITIALIZED_AUTOS = YES_AGGRESSIVE;
				GCC_WARN_UNUSED_FUNCTION = YES;
				GCC_WARN_UNUSED_VARIABLE = YES;
				IPHONEOS_DEPLOYMENT_TARGET = 17.0;
				LOCALIZATION_PREFERS_STRING_CATALOGS = YES;
				MTL_ENABLE_DEBUG_INFO = INCLUDE_SOURCE;
				MTL_FAST_MATH = YES;
				ONLY_ACTIVE_ARCH = YES;
				SDKROOT = iphoneos;
				SWIFT_ACTIVE_COMPILATION_CONDITIONS = "DEBUG $(inherited)";
				SWIFT_OPTIMIZATION_LEVEL = "-Onone";
			};
			name = Debug;
		};
		309CEA172BA1C60B00C70B81 /* Release */ = {
			isa = XCBuildConfiguration;
			buildSettings = {
				ALWAYS_SEARCH_USER_PATHS = NO;
				ASSETCATALOG_COMPILER_GENERATE_SWIFT_ASSET_SYMBOL_EXTENSIONS = YES;
				CLANG_ANALYZER_NONNULL = YES;
				CLANG_ANALYZER_NUMBER_OBJECT_CONVERSION = YES_AGGRESSIVE;
				CLANG_CXX_LANGUAGE_STANDARD = "gnu++20";
				CLANG_ENABLE_MODULES = YES;
				CLANG_ENABLE_OBJC_ARC = YES;
				CLANG_ENABLE_OBJC_WEAK = YES;
				CLANG_WARN_BLOCK_CAPTURE_AUTORELEASING = YES;
				CLANG_WARN_BOOL_CONVERSION = YES;
				CLANG_WARN_COMMA = YES;
				CLANG_WARN_CONSTANT_CONVERSION = YES;
				CLANG_WARN_DEPRECATED_OBJC_IMPLEMENTATIONS = YES;
				CLANG_WARN_DIRECT_OBJC_ISA_USAGE = YES_ERROR;
				CLANG_WARN_DOCUMENTATION_COMMENTS = YES;
				CLANG_WARN_EMPTY_BODY = YES;
				CLANG_WARN_ENUM_CONVERSION = YES;
				CLANG_WARN_INFINITE_RECURSION = YES;
				CLANG_WARN_INT_CONVERSION = YES;
				CLANG_WARN_NON_LITERAL_NULL_CONVERSION = YES;
				CLANG_WARN_OBJC_IMPLICIT_RETAIN_SELF = YES;
				CLANG_WARN_OBJC_LITERAL_CONVERSION = YES;
				CLANG_WARN_OBJC_ROOT_CLASS = YES_ERROR;
				CLANG_WARN_QUOTED_INCLUDE_IN_FRAMEWORK_HEADER = YES;
				CLANG_WARN_RANGE_LOOP_ANALYSIS = YES;
				CLANG_WARN_STRICT_PROTOTYPES = YES;
				CLANG_WARN_SUSPICIOUS_MOVE = YES;
				CLANG_WARN_UNGUARDED_AVAILABILITY = YES_AGGRESSIVE;
				CLANG_WARN_UNREACHABLE_CODE = YES;
				CLANG_WARN__DUPLICATE_METHOD_MATCH = YES;
				COPY_PHASE_STRIP = NO;
				DEBUG_INFORMATION_FORMAT = "dwarf-with-dsym";
				ENABLE_NS_ASSERTIONS = NO;
				ENABLE_STRICT_OBJC_MSGSEND = YES;
				ENABLE_USER_SCRIPT_SANDBOXING = YES;
				GCC_C_LANGUAGE_STANDARD = gnu17;
				GCC_NO_COMMON_BLOCKS = YES;
				GCC_WARN_64_TO_32_BIT_CONVERSION = YES;
				GCC_WARN_ABOUT_RETURN_TYPE = YES_ERROR;
				GCC_WARN_UNDECLARED_SELECTOR = YES;
				GCC_WARN_UNINITIALIZED_AUTOS = YES_AGGRESSIVE;
				GCC_WARN_UNUSED_FUNCTION = YES;
				GCC_WARN_UNUSED_VARIABLE = YES;
				IPHONEOS_DEPLOYMENT_TARGET = 17.0;
				LOCALIZATION_PREFERS_STRING_CATALOGS = YES;
				MTL_ENABLE_DEBUG_INFO = NO;
				MTL_FAST_MATH = YES;
				SDKROOT = iphoneos;
				SWIFT_COMPILATION_MODE = wholemodule;
				VALIDATE_PRODUCT = YES;
			};
			name = Release;
		};
		309CEA192BA1C60B00C70B81 /* Debug */ = {
			isa = XCBuildConfiguration;
			buildSettings = {
				ASSETCATALOG_COMPILER_APPICON_NAME = AppIcon;
				ASSETCATALOG_COMPILER_GLOBAL_ACCENT_COLOR_NAME = AccentColor;
				CODE_SIGN_STYLE = Automatic;
				CURRENT_PROJECT_VERSION = 1;
				DEVELOPMENT_ASSET_PATHS = "\"TestAppHHru/Preview Content\"";
				DEVELOPMENT_TEAM = AR6AN34RS9;
				ENABLE_PREVIEWS = YES;
				GENERATE_INFOPLIST_FILE = YES;
				INFOPLIST_KEY_UIApplicationSceneManifest_Generation = YES;
				INFOPLIST_KEY_UIApplicationSupportsIndirectInputEvents = YES;
				INFOPLIST_KEY_UILaunchScreen_Generation = YES;
				INFOPLIST_KEY_UISupportedInterfaceOrientations_iPad = "UIInterfaceOrientationPortrait UIInterfaceOrientationPortraitUpsideDown UIInterfaceOrientationLandscapeLeft UIInterfaceOrientationLandscapeRight";
				INFOPLIST_KEY_UISupportedInterfaceOrientations_iPhone = "UIInterfaceOrientationPortrait UIInterfaceOrientationLandscapeLeft UIInterfaceOrientationLandscapeRight";
				LD_RUNPATH_SEARCH_PATHS = (
					"$(inherited)",
					"@executable_path/Frameworks",
				);
				MARKETING_VERSION = 1.0;
				PRODUCT_BUNDLE_IDENTIFIER = home.TestAppHHru;
				PRODUCT_NAME = "$(TARGET_NAME)";
				SWIFT_EMIT_LOC_STRINGS = YES;
				SWIFT_VERSION = 5.0;
				TARGETED_DEVICE_FAMILY = "1,2";
			};
			name = Debug;
		};
		309CEA1A2BA1C60B00C70B81 /* Release */ = {
			isa = XCBuildConfiguration;
			buildSettings = {
				ASSETCATALOG_COMPILER_APPICON_NAME = AppIcon;
				ASSETCATALOG_COMPILER_GLOBAL_ACCENT_COLOR_NAME = AccentColor;
				CODE_SIGN_STYLE = Automatic;
				CURRENT_PROJECT_VERSION = 1;
				DEVELOPMENT_ASSET_PATHS = "\"TestAppHHru/Preview Content\"";
				DEVELOPMENT_TEAM = AR6AN34RS9;
				ENABLE_PREVIEWS = YES;
				GENERATE_INFOPLIST_FILE = YES;
				INFOPLIST_KEY_UIApplicationSceneManifest_Generation = YES;
				INFOPLIST_KEY_UIApplicationSupportsIndirectInputEvents = YES;
				INFOPLIST_KEY_UILaunchScreen_Generation = YES;
				INFOPLIST_KEY_UISupportedInterfaceOrientations_iPad = "UIInterfaceOrientationPortrait UIInterfaceOrientationPortraitUpsideDown UIInterfaceOrientationLandscapeLeft UIInterfaceOrientationLandscapeRight";
				INFOPLIST_KEY_UISupportedInterfaceOrientations_iPhone = "UIInterfaceOrientationPortrait UIInterfaceOrientationLandscapeLeft UIInterfaceOrientationLandscapeRight";
				LD_RUNPATH_SEARCH_PATHS = (
					"$(inherited)",
					"@executable_path/Frameworks",
				);
				MARKETING_VERSION = 1.0;
				PRODUCT_BUNDLE_IDENTIFIER = home.TestAppHHru;
				PRODUCT_NAME = "$(TARGET_NAME)";
				SWIFT_EMIT_LOC_STRINGS = YES;
				SWIFT_VERSION = 5.0;
				TARGETED_DEVICE_FAMILY = "1,2";
			};
			name = Release;
		};
/* End XCBuildConfiguration section */

/* Begin XCConfigurationList section */
		309CEA052BA1C60900C70B81 /* Build configuration list for PBXProject "TestAppHHru" */ = {
			isa = XCConfigurationList;
			buildConfigurations = (
				309CEA162BA1C60B00C70B81 /* Debug */,
				309CEA172BA1C60B00C70B81 /* Release */,
			);
			defaultConfigurationIsVisible = 0;
			defaultConfigurationName = Release;
		};
		309CEA182BA1C60B00C70B81 /* Build configuration list for PBXNativeTarget "TestAppHHru" */ = {
			isa = XCConfigurationList;
			buildConfigurations = (
				309CEA192BA1C60B00C70B81 /* Debug */,
				309CEA1A2BA1C60B00C70B81 /* Release */,
			);
			defaultConfigurationIsVisible = 0;
			defaultConfigurationName = Release;
		};
/* End XCConfigurationList section */

/* Begin XCRemoteSwiftPackageReference section */
		309CEA1B2BA1C69800C70B81 /* XCRemoteSwiftPackageReference "Alamofire" */ = {
			isa = XCRemoteSwiftPackageReference;
			repositoryURL = "https://github.com/Alamofire/Alamofire.git";
			requirement = {
				kind = upToNextMajorVersion;
				minimumVersion = 5.9.0;
			};
		};
/* End XCRemoteSwiftPackageReference section */

/* Begin XCSwiftPackageProductDependency section */
		309CEA1C2BA1C69800C70B81 /* Alamofire */ = {
			isa = XCSwiftPackageProductDependency;
			package = 309CEA1B2BA1C69800C70B81 /* XCRemoteSwiftPackageReference "Alamofire" */;
			productName = Alamofire;
		};
		309CEA1E2BA1C69800C70B81 /* AlamofireDynamic */ = {
			isa = XCSwiftPackageProductDependency;
			package = 309CEA1B2BA1C69800C70B81 /* XCRemoteSwiftPackageReference "Alamofire" */;
			productName = AlamofireDynamic;
		};
/* End XCSwiftPackageProductDependency section */
	};
	rootObject = 309CEA022BA1C60900C70B81 /* Project object */;
}
